
Microsoft Visual Studio Solution File, Format Version 12.00
# Visual Studio 15
VisualStudioVersion = 15.0.27130.2027
MinimumVisualStudioVersion = 10.0.40219.1
Project("{FAE04EC0-301F-11D3-BF4B-00C04F79EFBC}") = "Ottelukanta", "Ottelukanta\Ottelukanta.csproj", "{BC440EDB-F136-43C3-82FC-C63CE21B7F57}"
EndProject
Global
	GlobalSection(SolutionConfigurationPlatforms) = preSolution
		Debug|Any CPU = Debug|Any CPU
		Release|Any CPU = Release|Any CPU
	EndGlobalSection
	GlobalSection(ProjectConfigurationPlatforms) = postSolution
		{BC440EDB-F136-43C3-82FC-C63CE21B7F57}.Debug|Any CPU.ActiveCfg = Debug|Any CPU
		{BC440EDB-F136-43C3-82FC-C63CE21B7F57}.Debug|Any CPU.Build.0 = Debug|Any CPU
		{BC440EDB-F136-43C3-82FC-C63CE21B7F57}.Release|Any CPU.ActiveCfg = Release|Any CPU
		{BC440EDB-F136-43C3-82FC-C63CE21B7F57}.Release|Any CPU.Build.0 = Release|Any CPU
	EndGlobalSection
	GlobalSection(SolutionProperties) = preSolution
		HideSolutionNode = FALSE
	EndGlobalSection
	GlobalSection(ExtensibilityGlobals) = postSolution
		SolutionGuid = {1C3EA4B0-519E-4C67-9059-63BC2B0DDF18}
	EndGlobalSection
EndGlobal
